
Microsoft Visual Studio Solution File, Format Version 12.00
# Visual Studio 15
VisualStudioVersion = 15.0.28307.1082
MinimumVisualStudioVersion = 10.0.40219.1
Project("{FAE04EC0-301F-11D3-BF4B-00C04F79EFBC}") = "ASP BIG WORK", "ASP BIG WORK\ASP BIG WORK.csproj", "{C80D78A1-B496-4E80-96EF-8C750CB58951}"
EndProject
Global
	GlobalSection(SolutionConfigurationPlatforms) = preSolution
		Debug|Any CPU = Debug|Any CPU
		Release|Any CPU = Release|Any CPU
	EndGlobalSection
	GlobalSection(ProjectConfigurationPlatforms) = postSolution
		{C80D78A1-B496-4E80-96EF-8C750CB58951}.Debug|Any CPU.ActiveCfg = Debug|Any CPU
		{C80D78A1-B496-4E80-96EF-8C750CB58951}.Debug|Any CPU.Build.0 = Debug|Any CPU
		{C80D78A1-B496-4E80-96EF-8C750CB58951}.Release|Any CPU.ActiveCfg = Release|Any CPU
		{C80D78A1-B496-4E80-96EF-8C750CB58951}.Release|Any CPU.Build.0 = Release|Any CPU
	EndGlobalSection
	GlobalSection(SolutionProperties) = preSolution
		HideSolutionNode = FALSE
	EndGlobalSection
	GlobalSection(ExtensibilityGlobals) = postSolution
		SolutionGuid = {8D5E697B-4405-4A27-9DF6-99DBA0727DE5}
	EndGlobalSection
EndGlobal
